
Microsoft Visual Studio Solution File, Format Version 12.00
# Visual Studio Version 16
VisualStudioVersion = 25.0.1704.0
MinimumVisualStudioVersion = 10.0.40219.1
Project("{FAE04EC0-301F-11D3-BF4B-00C04F79EFBC}") = "OcelotGateway", "OcelotGateway.csproj", "{1FC9F813-8FA1-4842-A000-4E61CA6EB8D7}"
EndProject
Global
	GlobalSection(SolutionConfigurationPlatforms) = preSolution
		Debug|Any CPU = Debug|Any CPU
		Release|Any CPU = Release|Any CPU
	EndGlobalSection
	GlobalSection(ProjectConfigurationPlatforms) = postSolution
		{1FC9F813-8FA1-4842-A000-4E61CA6EB8D7}.Debug|Any CPU.ActiveCfg = Debug|Any CPU
		{1FC9F813-8FA1-4842-A000-4E61CA6EB8D7}.Debug|Any CPU.Build.0 = Debug|Any CPU
		{1FC9F813-8FA1-4842-A000-4E61CA6EB8D7}.Release|Any CPU.ActiveCfg = Release|Any CPU
		{1FC9F813-8FA1-4842-A000-4E61CA6EB8D7}.Release|Any CPU.Build.0 = Release|Any CPU
	EndGlobalSection
	GlobalSection(SolutionProperties) = preSolution
		HideSolutionNode = FALSE
	EndGlobalSection
	GlobalSection(ExtensibilityGlobals) = postSolution
		SolutionGuid = {E6CC1431-F1D5-4EBF-B7B8-7ADAD3AF7845}
	EndGlobalSection
EndGlobal
